[[package]]
name = "aiosqlite"
version = "0.20.0"
description = "asyncio bridge to the standard sqlite3 module"
category = "dev"
optional = false
python-versions = ">=3.8"

[package.dependencies]
typing_extensions = ">=4.0"

[package.extras]
dev = ["attribution (==1.7.0)", "black (==24.2.0)", "coverage[toml] (==7.4.1)", "flake8 (==7.0.0)", "flake8-bugbear (==24.2.6)", "flit (==3.9.0)", "mypy (==1.8.0)", "ufmt (==2.3.0)", "usort (==1.0.8.post1)"]
docs = ["sphinx (==7.2.6)", "sphinx-mdinclude (==0.5.3)"]

[[package]]
name = "alembic"
version = "1.13.1"
description = "A database migration tool for SQLAlchemy."
category = "main"
optional = false
python-versions = ">=3.8"

[package.dependencies]
Mako = "*"
SQLAlchemy = ">=1.3.0"
typing-extensions = ">=4"

[package.extras]
tz = ["backports.zoneinfo"]

[[package]]
name = "annotated-types"
version = "0.6.0"
description = "Reusable constraint types to use with typing.Annotated"
category = "main"
optional = false
python-versions = ">=3.8"

[[package]]
name = "anyio"
version = "4.3.0"
description = "High level compatibility layer for multiple asynchronous event loop implementations"
category = "main"
optional = false
python-versions = ">=3.8"

[package.dependencies]
idna = ">=2.8"
sniffio = ">=1.1"

[package.extras]
doc = ["packaging", "Sphinx (>=7)", "sphinx-rtd-theme", "sphinx-autodoc-typehints (>=1.2.0)"]
test = ["anyio", "coverage[toml] (>=7)", "exceptiongroup (>=1.2.0)", "hypothesis (>=4.0)", "psutil (>=5.9)", "pytest (>=7.0)", "pytest-mock (>=3.6.1)", "trustme", "uvloop (>=0.17)"]
trio = ["trio (>=0.23)"]

[[package]]
name = "async-timeout"
version = "4.0.3"
description = "Timeout context manager for asyncio programs"
category = "main"
optional = false
python-versions = ">=3.7"

[[package]]
name = "asyncpg"
version = "0.29.0"
description = "An asyncio PostgreSQL driver"
category = "main"
optional = false
python-versions = ">=3.8.0"

[package.dependencies]
async-timeout = {version = ">=4.0.3", markers = "python_version < \"3.12.0\""}

[package.extras]
docs = ["Sphinx (>=5.3.0,<5.4.0)", "sphinxcontrib-asyncio (>=0.3.0,<0.4.0)", "sphinx-rtd-theme (>=1.2.2)"]
test = ["flake8 (>=6.1,<7.0)", "uvloop (>=0.15.3)"]

[[package]]
name = "bandit"
version = "1.7.8"
description = "Security oriented static analyser for python code."
category = "dev"
optional = false
python-versions = ">=3.8"

[package.dependencies]
colorama = {version = ">=0.3.9", markers = "platform_system == \"Windows\""}
PyYAML = ">=5.3.1"
rich = "*"
stevedore = ">=1.20.0"

[package.extras]
baseline = ["GitPython (>=3.1.30)"]
sarif = ["sarif-om (>=1.0.4)", "jschema-to-python (>=1.2.3)"]
test = ["coverage (>=4.5.4)", "fixtures (>=3.0.0)", "flake8 (>=4.0.0)", "stestr (>=2.5.0)", "testscenarios (>=0.5.0)", "testtools (>=2.3.0)", "beautifulsoup4 (>=4.8.0)", "pylint (==1.9.4)"]
toml = ["tomli (>=1.1.0)"]
yaml = ["pyyaml"]

[[package]]
name = "black"
version = "24.4.2"
description = "The uncompromising code formatter."
category = "dev"
optional = false
python-versions = ">=3.8"

[package.dependencies]
click = ">=8.0.0"
mypy-extensions = ">=0.4.3"
packaging = ">=22.0"
pathspec = ">=0.9.0"
platformdirs = ">=2"

[package.extras]
colorama = ["colorama (>=0.4.3)"]
d = ["aiohttp (>=3.7.4,!=3.9.0)", "aiohttp (>=3.7.4)"]
jupyter = ["ipython (>=7.8.0)", "tokenize-rt (>=3.2.0)"]
uvloop = ["uvloop (>=0.15.2)"]

[[package]]
name = "certifi"
version = "2024.2.2"
description = "Python package for providing Mozilla's CA Bundle."
category = "main"
optional = false
python-versions = ">=3.6"

[[package]]
name = "cfgv"
version = "3.4.0"
description = "Validate configuration and produce human readable error messages."
category = "dev"
optional = false
python-versions = ">=3.8"

[[package]]
name = "click"
version = "8.1.7"
description = "Composable command line interface toolkit"
category = "main"
optional = false
python-versions = ">=3.7"

[package.dependencies]
colorama = {version = "*", markers = "platform_system == \"Windows\""}

[[package]]
name = "codespell"
version = "2.2.6"
description = "Codespell"
category = "dev"
optional = false
python-versions = ">=3.8"

[package.extras]
dev = ["build", "chardet", "pre-commit", "pytest", "pytest-cov", "pytest-dependency", "pygments", "ruff", "tomli", "twine"]
hard-encoding-detection = ["chardet"]
toml = ["tomli"]
types = ["chardet (>=5.1.0)", "mypy", "pytest", "pytest-cov", "pytest-dependency"]

[[package]]
name = "colorama"
version = "0.4.6"
description = "Cross-platform colored terminal text."
category = "main"
optional = false
python-versions = "!=3.0.*,!=3.1.*,!=3.2.*,!=3.3.*,!=3.4.*,!=3.5.*,!=3.6.*,>=2.7"

[[package]]
name = "coverage"
version = "7.5.0"
description = "Code coverage measurement for Python"
category = "dev"
optional = false
python-versions = ">=3.8"

[package.extras]
toml = ["tomli"]

[[package]]
name = "distlib"
version = "0.3.8"
description = "Distribution utilities"
category = "dev"
optional = false
python-versions = "*"

[[package]]
name = "fastapi"
version = "0.110.2"
description = "FastAPI framework, high performance, easy to learn, fast to code, ready for production"
category = "main"
optional = false
python-versions = ">=3.8"

[package.dependencies]
pydantic = ">=1.7.4,<1.8 || >1.8,<1.8.1 || >1.8.1,<2.0.0 || >2.0.0,<2.0.1 || >2.0.1,<2.1.0 || >2.1.0,<3.0.0"
starlette = ">=0.37.2,<0.38.0"
typing-extensions = ">=4.8.0"

[package.extras]
all = ["email-validator (>=2.0.0)", "httpx (>=0.23.0)", "itsdangerous (>=1.1.0)", "jinja2 (>=2.11.2)", "orjson (>=3.2.1)", "pydantic-extra-types (>=2.0.0)", "pydantic-settings (>=2.0.0)", "python-multipart (>=0.0.7)", "pyyaml (>=5.3.1)", "ujson (>=4.0.1,!=4.0.2,!=4.1.0,!=4.2.0,!=4.3.0,!=5.0.0,!=5.1.0)", "uvicorn[standard] (>=0.12.0)"]

[[package]]
name = "feedparser"
version = "6.0.11"
description = "Universal feed parser, handles RSS 0.9x, RSS 1.0, RSS 2.0, CDF, Atom 0.3, and Atom 1.0 feeds"
category = "main"
optional = false
python-versions = ">=3.6"

[package.dependencies]
sgmllib3k = "*"

[[package]]
name = "filelock"
version = "3.14.0"
description = "A platform independent file lock."
category = "dev"
optional = false
python-versions = ">=3.8"

[package.extras]
docs = ["furo (>=2023.9.10)", "sphinx-autodoc-typehints (>=1.25.2)", "sphinx (>=7.2.6)"]
testing = ["covdefaults (>=2.3)", "coverage (>=7.3.2)", "diff-cover (>=8.0.1)", "pytest-cov (>=4.1)", "pytest-mock (>=3.12)", "pytest-timeout (>=2.2)", "pytest (>=7.4.3)"]
typing = ["typing-extensions (>=4.8)"]

[[package]]
name = "greenlet"
version = "3.0.3"
description = "Lightweight in-process concurrent programming"
category = "main"
optional = false
python-versions = ">=3.7"

[package.extras]
docs = ["sphinx", "furo"]
test = ["objgraph", "psutil"]

[[package]]
name = "gunicorn"
version = "22.0.0"
description = "WSGI HTTP Server for UNIX"
category = "main"
optional = false
python-versions = ">=3.7"

[package.dependencies]
packaging = "*"

[package.extras]
eventlet = ["eventlet (>=0.24.1,!=0.36.0)"]
gevent = ["gevent (>=1.4.0)"]
setproctitle = ["setproctitle"]
testing = ["gevent", "eventlet", "coverage", "pytest", "pytest-cov"]
tornado = ["tornado (>=0.2)"]

[[package]]
name = "h11"
version = "0.14.0"
description = "A pure-Python, bring-your-own-I/O implementation of HTTP/1.1"
category = "main"
optional = false
python-versions = ">=3.7"

[[package]]
name = "httpcore"
version = "1.0.5"
description = "A minimal low-level HTTP client."
category = "main"
optional = false
python-versions = ">=3.8"

[package.dependencies]
certifi = "*"
h11 = ">=0.13,<0.15"

[package.extras]
asyncio = ["anyio (>=4.0,<5.0)"]
http2 = ["h2 (>=3,<5)"]
socks = ["socksio (>=1.0.0,<2.0.0)"]
trio = ["trio (>=0.22.0,<0.26.0)"]

[[package]]
name = "httpx"
version = "0.27.0"
description = "The next generation HTTP client."
category = "main"
optional = false
python-versions = ">=3.8"

[package.dependencies]
anyio = "*"
certifi = "*"
httpcore = ">=1.0.0,<2.0.0"
idna = "*"
sniffio = "*"

[package.extras]
brotli = ["brotli", "brotlicffi"]
cli = ["click (>=8.0.0,<9.0.0)", "pygments (>=2.0.0,<3.0.0)", "rich (>=10,<14)"]
http2 = ["h2 (>=3,<5)"]
socks = ["socksio (>=1.0.0,<2.0.0)"]

[[package]]
name = "identify"
version = "2.5.36"
description = "File identification library for Python"
category = "dev"
optional = false
python-versions = ">=3.8"

[package.extras]
license = ["ukkonen"]

[[package]]
name = "idna"
version = "3.7"
description = "Internationalized Domain Names in Applications (IDNA)"
category = "main"
optional = false
python-versions = ">=3.5"

[[package]]
name = "iniconfig"
version = "2.0.0"
description = "brain-dead simple config-ini parsing"
category = "dev"
optional = false
python-versions = ">=3.7"

[[package]]
name = "isort"
version = "5.13.2"
description = "A Python utility / library to sort Python imports."
category = "dev"
optional = false
python-versions = ">=3.8.0"

[package.extras]
colors = ["colorama (>=0.4.6)"]

[[package]]
name = "jedi"
version = "0.19.1"
description = "An autocompletion tool for Python that can be used for text editors."
category = "dev"
optional = false
python-versions = ">=3.6"

[package.dependencies]
parso = ">=0.8.3,<0.9.0"

[package.extras]
docs = ["Jinja2 (==2.11.3)", "MarkupSafe (==1.1.1)", "Pygments (==2.8.1)", "alabaster (==0.7.12)", "babel (==2.9.1)", "chardet (==4.0.0)", "commonmark (==0.8.1)", "docutils (==0.17.1)", "future (==0.18.2)", "idna (==2.10)", "imagesize (==1.2.0)", "mock (==1.0.1)", "packaging (==20.9)", "pyparsing (==2.4.7)", "pytz (==2021.1)", "readthedocs-sphinx-ext (==2.1.4)", "recommonmark (==0.5.0)", "requests (==2.25.1)", "six (==1.15.0)", "snowballstemmer (==2.1.0)", "sphinx-rtd-theme (==0.4.3)", "sphinx (==1.8.5)", "sphinxcontrib-serializinghtml (==1.1.4)", "sphinxcontrib-websupport (==1.2.4)", "urllib3 (==1.26.4)"]
qa = ["flake8 (==5.0.4)", "mypy (==0.971)", "types-setuptools (==67.2.0.1)"]
testing = ["django", "attrs", "colorama", "docopt", "pytest (<7.0.0)"]

[[package]]
name = "mako"
version = "1.3.3"
description = "A super-fast templating language that borrows the best ideas from the existing templating languages."
category = "main"
optional = false
python-versions = ">=3.8"

[package.dependencies]
MarkupSafe = ">=0.9.2"

[package.extras]
testing = ["pytest"]
babel = ["babel"]
lingua = ["lingua"]

[[package]]
name = "markdown-it-py"
version = "3.0.0"
description = "Python port of markdown-it. Markdown parsing, done right!"
category = "dev"
optional = false
python-versions = ">=3.8"

[package.dependencies]
mdurl = ">=0.1,<1.0"

[package.extras]
benchmarking = ["psutil", "pytest", "pytest-benchmark"]
code_style = ["pre-commit (>=3.0,<4.0)"]
compare = ["commonmark (>=0.9,<1.0)", "markdown (>=3.4,<4.0)", "mistletoe (>=1.0,<2.0)", "mistune (>=2.0,<3.0)", "panflute (>=2.3,<3.0)"]
linkify = ["linkify-it-py (>=1,<3)"]
plugins = ["mdit-py-plugins"]
profiling = ["gprof2dot"]
rtd = ["mdit-py-plugins", "myst-parser", "pyyaml", "sphinx", "sphinx-copybutton", "sphinx-design", "sphinx-book-theme", "jupyter-sphinx"]
testing = ["coverage", "pytest", "pytest-cov", "pytest-regressions"]

[[package]]
name = "markupsafe"
version = "2.1.5"
description = "Safely add untrusted strings to HTML/XML markup."
category = "main"
optional = false
python-versions = ">=3.7"

[[package]]
name = "mdurl"
version = "0.1.2"
description = "Markdown URL utilities"
category = "dev"
optional = false
python-versions = ">=3.7"

[[package]]
name = "mypy"
version = "1.10.0"
description = "Optional static typing for Python"
category = "dev"
optional = false
python-versions = ">=3.8"

[package.dependencies]
mypy-extensions = ">=1.0.0"
typing-extensions = ">=4.1.0"

[package.extras]
dmypy = ["psutil (>=4.0)"]
install-types = ["pip"]
mypyc = ["setuptools (>=50)"]
reports = ["lxml"]

[[package]]
name = "mypy-extensions"
version = "1.0.0"
description = "Type system extensions for programs checked with the mypy type checker."
category = "dev"
optional = false
python-versions = ">=3.5"

[[package]]
name = "nodeenv"
version = "1.8.0"
description = "Node.js virtual environment builder"
category = "dev"
optional = false
python-versions = ">=2.7,!=3.0.*,!=3.1.*,!=3.2.*,!=3.3.*,!=3.4.*,!=3.5.*,!=3.6.*"

[[package]]
name = "packaging"
version = "24.0"
description = "Core utilities for Python packages"
category = "main"
optional = false
python-versions = ">=3.7"

[[package]]
name = "parso"
version = "0.8.4"
description = "A Python Parser"
category = "dev"
optional = false
python-versions = ">=3.6"

[package.extras]
qa = ["flake8 (==5.0.4)", "mypy (==0.971)", "types-setuptools (==67.2.0.1)"]
testing = ["docopt", "pytest"]

[[package]]
name = "pathspec"
version = "0.12.1"
description = "Utility library for gitignore style pattern matching of file paths."
category = "dev"
optional = false
python-versions = ">=3.8"

[[package]]
name = "pbr"
version = "6.0.0"
description = "Python Build Reasonableness"
category = "dev"
optional = false
python-versions = ">=2.6"

[[package]]
name = "platformdirs"
version = "4.2.1"
description = "A small Python package for determining appropriate platform-specific dirs, e.g. a `user data dir`."
category = "dev"
optional = false
python-versions = ">=3.8"

[package.extras]
docs = ["furo (>=2023.9.10)", "proselint (>=0.13)", "sphinx-autodoc-typehints (>=1.25.2)", "sphinx (>=7.2.6)"]
test = ["appdirs (==1.4.4)", "covdefaults (>=2.3)", "pytest-cov (>=4.1)", "pytest-mock (>=3.12)", "pytest (>=7.4.3)"]
type = ["mypy (>=1.8)"]

[[package]]
name = "pluggy"
version = "1.5.0"
description = "plugin and hook calling mechanisms for python"
category = "dev"
optional = false
python-versions = ">=3.8"

[package.extras]
dev = ["pre-commit", "tox"]
testing = ["pytest", "pytest-benchmark"]

[[package]]
name = "pre-commit"
version = "3.7.0"
description = "A framework for managing and maintaining multi-language pre-commit hooks."
category = "dev"
optional = false
python-versions = ">=3.9"

[package.dependencies]
cfgv = ">=2.0.0"
identify = ">=1.0.0"
nodeenv = ">=0.11.1"
pyyaml = ">=5.1"
virtualenv = ">=20.10.0"

[[package]]
name = "pudb"
version = "2024.1"
description = "A full-screen, console-based Python debugger"
category = "dev"
optional = false
python-versions = "~=3.8"

[package.dependencies]
jedi = ">=0.18,<1"
packaging = ">=20.0"
pygments = ">=2.7.4"
urwid = ">=2.4"
urwid_readline = "*"

[package.extras]
completion = ["shtab"]

[[package]]
name = "pydantic"
version = "2.7.1"
description = "Data validation using Python type hints"
category = "main"
optional = false
python-versions = ">=3.8"

[package.dependencies]
annotated-types = ">=0.4.0"
pydantic-core = "2.18.2"
typing-extensions = ">=4.6.1"

[package.extras]
email = ["email-validator (>=2.0.0)"]

[[package]]
name = "pydantic-core"
version = "2.18.2"
description = "Core functionality for Pydantic validation and serialization"
category = "main"
optional = false
python-versions = ">=3.8"

[package.dependencies]
typing-extensions = ">=4.6.0,<4.7.0 || >4.7.0"

[[package]]
name = "pydantic-settings"
version = "2.2.1"
description = "Settings management using Pydantic"
category = "main"
optional = false
python-versions = ">=3.8"

[package.dependencies]
pydantic = ">=2.3.0"
python-dotenv = ">=0.21.0"

[package.extras]
toml = ["tomli (>=2.0.1)"]
yaml = ["pyyaml (>=6.0.1)"]

[[package]]
name = "pygments"
version = "2.17.2"
description = "Pygments is a syntax highlighting package written in Python."
category = "dev"
optional = false
python-versions = ">=3.7"

[package.extras]
plugins = ["importlib-metadata"]
windows-terminal = ["colorama (>=0.4.6)"]

[[package]]
name = "pytest"
version = "8.1.2"
description = "pytest: simple powerful testing with Python"
category = "dev"
optional = false
python-versions = ">=3.8"

[package.dependencies]
colorama = {version = "*", markers = "sys_platform == \"win32\""}
iniconfig = "*"
packaging = "*"
pluggy = ">=1.4,<2.0"

[package.extras]
testing = ["argcomplete", "attrs (>=19.2)", "hypothesis (>=3.56)", "mock", "pygments (>=2.7.2)", "requests", "setuptools", "xmlschema"]

[[package]]
name = "pytest-pudb"
version = "0.7.0"
description = "Pytest PuDB debugger integration"
category = "dev"
optional = false
python-versions = "*"

[package.dependencies]
pudb = "*"
pytest = ">=2.0"

[package.extras]
dev = ["pexpect", "tox", "flake8"]

[[package]]
name = "python-dotenv"
version = "1.0.1"
description = "Read key-value pairs from a .env file and set them as environment variables"
category = "main"
optional = false
python-versions = ">=3.8"

[package.extras]
cli = ["click (>=5.0)"]

[[package]]
name = "pyyaml"
version = "6.0.1"
description = "YAML parser and emitter for Python"
category = "dev"
optional = false
python-versions = ">=3.6"

[[package]]
name = "rich"
version = "13.7.1"
description = "Render rich text, tables, progress bars, syntax highlighting, markdown and more to the terminal"
category = "dev"
optional = false
python-versions = ">=3.7.0"

[package.dependencies]
markdown-it-py = ">=2.2.0"
pygments = ">=2.13.0,<3.0.0"

[package.extras]
jupyter = ["ipywidgets (>=7.5.1,<9)"]

[[package]]
name = "ruff"
version = "0.4.2"
description = "An extremely fast Python linter and code formatter, written in Rust."
category = "dev"
optional = false
python-versions = ">=3.7"

[[package]]
name = "sgmllib3k"
version = "1.0.0"
description = "Py3k port of sgmllib."
category = "main"
optional = false
python-versions = "*"

[[package]]
name = "sniffio"
version = "1.3.1"
description = "Sniff out which async library your code is running under"
category = "main"
optional = false
python-versions = ">=3.7"

[[package]]
name = "sqlalchemy"
version = "2.0.29"
description = "Database Abstraction Library"
category = "main"
optional = false
python-versions = ">=3.7"

[package.dependencies]
greenlet = {version = "!=0.4.17", markers = "platform_machine == \"aarch64\" or platform_machine == \"ppc64le\" or platform_machine == \"x86_64\" or platform_machine == \"amd64\" or platform_machine == \"AMD64\" or platform_machine == \"win32\" or platform_machine == \"WIN32\""}
typing-extensions = ">=4.6.0"

[package.extras]
asyncio = ["greenlet (!=0.4.17)"]
mypy = ["mypy (>=0.910)"]
mssql = ["pyodbc"]
mssql-pymssql = ["pymssql"]
mssql-pyodbc = ["pyodbc"]
mysql = ["mysqlclient (>=1.4.0)"]
mysql-connector = ["mysql-connector-python"]
mariadb-connector = ["mariadb (>=1.0.1,!=1.1.2,!=1.1.5)"]
oracle = ["cx_oracle (>=8)"]
oracle-oracledb = ["oracledb (>=1.0.1)"]
postgresql = ["psycopg2 (>=2.7)"]
postgresql-pg8000 = ["pg8000 (>=1.29.1)"]
postgresql-asyncpg = ["greenlet (!=0.4.17)", "asyncpg"]
postgresql-psycopg2binary = ["psycopg2-binary"]
postgresql-psycopg2cffi = ["psycopg2cffi"]
postgresql-psycopg = ["psycopg (>=3.0.7)"]
postgresql-psycopgbinary = ["psycopg[binary] (>=3.0.7)"]
pymysql = ["pymysql"]
aiomysql = ["greenlet (!=0.4.17)", "aiomysql (>=0.2.0)"]
aioodbc = ["greenlet (!=0.4.17)", "aioodbc"]
asyncmy = ["greenlet (!=0.4.17)", "asyncmy (>=0.2.3,!=0.2.4,!=0.2.6)"]
aiosqlite = ["greenlet (!=0.4.17)", "aiosqlite", "typing_extensions (!=3.10.0.1)"]
sqlcipher = ["sqlcipher3-binary"]

[[package]]
name = "sqlmodel"
version = "0.0.16"
description = "SQLModel, SQL databases in Python, designed for simplicity, compatibility, and robustness."
category = "main"
optional = false
python-versions = ">=3.7,<4.0"

[package.dependencies]
pydantic = ">=1.10.13,<3.0.0"
SQLAlchemy = ">=2.0.0,<2.1.0"

[[package]]
name = "starlette"
version = "0.37.2"
description = "The little ASGI library that shines."
category = "main"
optional = false
python-versions = ">=3.8"

[package.dependencies]
anyio = ">=3.4.0,<5"

[package.extras]
full = ["httpx (>=0.22.0)", "itsdangerous", "jinja2", "python-multipart (>=0.0.7)", "pyyaml"]

[[package]]
name = "stevedore"
version = "5.2.0"
description = "Manage dynamic plugins for Python applications"
category = "dev"
optional = false
python-versions = ">=3.8"

[package.dependencies]
pbr = ">=2.0.0,<2.1.0 || >2.1.0"

[[package]]
name = "typing-extensions"
version = "4.11.0"
description = "Backported and Experimental Type Hints for Python 3.8+"
category = "main"
optional = false
python-versions = ">=3.8"

[[package]]
name = "urwid"
version = "2.6.11"
description = "A full-featured console (xterm et al.) user interface library"
category = "dev"
optional = false
python-versions = ">3.7"

[package.dependencies]
typing-extensions = "*"
wcwidth = "*"

[package.extras]
curses = ["windows-curses"]
glib = ["pygobject"]
lcd = ["pyserial"]
serial = ["pyserial"]
tornado = ["tornado (>=5.0)"]
trio = ["trio (>=0.22.0)", "exceptiongroup"]
twisted = ["twisted"]
zmq = ["zmq"]

[[package]]
name = "urwid-readline"
version = "0.14"
description = "A textbox edit widget for urwid that supports readline shortcuts"
category = "dev"
optional = false
python-versions = "*"

[package.dependencies]
urwid = "*"

[package.extras]
dev = ["black", "pytest"]

[[package]]
name = "uvicorn"
version = "0.29.0"
description = "The lightning-fast ASGI server."
category = "main"
optional = false
python-versions = ">=3.8"

[package.dependencies]
click = ">=7.0"
h11 = ">=0.8"

[package.extras]
standard = ["colorama (>=0.4)", "httptools (>=0.5.0)", "python-dotenv (>=0.13)", "pyyaml (>=5.1)", "uvloop (>=0.14.0,!=0.15.0,!=0.15.1)", "watchfiles (>=0.13)", "websockets (>=10.4)"]

[[package]]
name = "virtualenv"
version = "20.26.1"
description = "Virtual Python Environment builder"
category = "dev"
optional = false
python-versions = ">=3.7"

[package.dependencies]
distlib = ">=0.3.7,<1"
filelock = ">=3.12.2,<4"
platformdirs = ">=3.9.1,<5"

[package.extras]
docs = ["furo (>=2023.7.26)", "proselint (>=0.13)", "sphinx (>=7.1.2,!=7.3)", "sphinx-argparse (>=0.4)", "sphinxcontrib-towncrier (>=0.2.1a0)", "towncrier (>=23.6)"]
test = ["covdefaults (>=2.3)", "coverage-enable-subprocess (>=1)", "coverage (>=7.2.7)", "flaky (>=3.7)", "packaging (>=23.1)", "pytest-env (>=0.8.2)", "pytest-freezer (>=0.4.8)", "pytest-mock (>=3.11.1)", "pytest-randomly (>=3.12)", "pytest-timeout (>=2.1)", "pytest (>=7.4)", "setuptools (>=68)", "time-machine (>=2.10)"]

[[package]]
name = "wcwidth"
version = "0.2.13"
description = "Measures the displayed width of unicode strings in a terminal"
category = "dev"
optional = false
python-versions = "*"

[metadata]
lock-version = "1.1"
python-versions = "~3.11"
content-hash = "429f3d40157b5258af714163fa2b986dde9fb0e09f08851ed354f86473cdf91a"

[metadata.files]
aiosqlite = []
alembic = []
annotated-types = []
anyio = []
async-timeout = []
asyncpg = []
bandit = []
black = []
certifi = []
cfgv = []
click = []
codespell = []
colorama = []
coverage = []
distlib = []
fastapi = []
feedparser = []
filelock = []
greenlet = []
gunicorn = []
h11 = []
httpcore = []
httpx = []
identify = []
idna = []
iniconfig = []
isort = []
jedi = []
mako = []
markdown-it-py = []
markupsafe = []
mdurl = []
mypy = []
mypy-extensions = []
nodeenv = []
packaging = []
parso = []
pathspec = []
pbr = []
platformdirs = []
pluggy = []
pre-commit = []
pudb = []
pydantic = []
pydantic-core = []
pydantic-settings = []
pygments = []
pytest = []
pytest-pudb = [
    {file = "pytest-pudb-0.7.0.tar.gz", hash = "sha256:0ea87316d39c82163d340c28a168e08a163b8d3f484e60a53c9fd5eefe432c63"},
    {file = "pytest_pudb-0.7.0-py2.py3-none-any.whl", hash = "sha256:21e96fc16f313a7bd75e1df1b151de8a721144318b0ae8350208d6554222005a"},
]
python-dotenv = []
pyyaml = []
rich = []
ruff = []
sgmllib3k = []
sniffio = []
sqlalchemy = []
sqlmodel = []
starlette = []
stevedore = []
typing-extensions = []
urwid = []
urwid-readline = []
uvicorn = []
virtualenv = []
wcwidth = []
